
Microsoft Visual Studio Solution File, Format Version 12.00
# Visual Studio 15
Project("{FAE04EC0-301F-11D3-BF4B-00C04F79EFBC}") = "ImageButtonIssue.iOS", "ImageButtonIssue.iOS\ImageButtonIssue.iOS.csproj", "{9060FB04-B081-41A9-96AE-F2821C0FC2D7}"
EndProject
Project("{FAE04EC0-301F-11D3-BF4B-00C04F79EFBC}") = "ImageButtonIssue", "ImageButtonIssue\ImageButtonIssue.csproj", "{E5407C1C-0CF4-45F5-B9A5-E85308364350}"
EndProject
Global
	GlobalSection(SolutionConfigurationPlatforms) = preSolution
		Debug|Any CPU = Debug|Any CPU
		Release|Any CPU = Release|Any CPU
		Debug|iPhoneSimulator = Debug|iPhoneSimulator
		Release|iPhoneSimulator = Release|iPhoneSimulator
		Debug|iPhone = Debug|iPhone
		Release|iPhone = Release|iPhone
	EndGlobalSection
	GlobalSection(ProjectConfigurationPlatforms) = postSolution
		{9060FB04-B081-41A9-96AE-F2821C0FC2D7}.Debug|Any CPU.ActiveCfg = Debug|iPhoneSimulator
		{9060FB04-B081-41A9-96AE-F2821C0FC2D7}.Debug|Any CPU.Build.0 = Debug|iPhoneSimulator
		{9060FB04-B081-41A9-96AE-F2821C0FC2D7}.Release|Any CPU.ActiveCfg = Release|iPhoneSimulator
		{9060FB04-B081-41A9-96AE-F2821C0FC2D7}.Release|Any CPU.Build.0 = Release|iPhoneSimulator
		{9060FB04-B081-41A9-96AE-F2821C0FC2D7}.Debug|iPhoneSimulator.ActiveCfg = Debug|iPhoneSimulator
		{9060FB04-B081-41A9-96AE-F2821C0FC2D7}.Debug|iPhoneSimulator.Build.0 = Debug|iPhoneSimulator
		{9060FB04-B081-41A9-96AE-F2821C0FC2D7}.Release|iPhoneSimulator.ActiveCfg = Release|iPhoneSimulator
		{9060FB04-B081-41A9-96AE-F2821C0FC2D7}.Release|iPhoneSimulator.Build.0 = Release|iPhoneSimulator
		{9060FB04-B081-41A9-96AE-F2821C0FC2D7}.Debug|iPhone.ActiveCfg = Debug|iPhone
		{9060FB04-B081-41A9-96AE-F2821C0FC2D7}.Debug|iPhone.Build.0 = Debug|iPhone
		{9060FB04-B081-41A9-96AE-F2821C0FC2D7}.Release|iPhone.ActiveCfg = Release|iPhone
		{9060FB04-B081-41A9-96AE-F2821C0FC2D7}.Release|iPhone.Build.0 = Release|iPhone
		{E5407C1C-0CF4-45F5-B9A5-E85308364350}.Debug|Any CPU.ActiveCfg = Debug|Any CPU
		{E5407C1C-0CF4-45F5-B9A5-E85308364350}.Debug|Any CPU.Build.0 = Debug|Any CPU
		{E5407C1C-0CF4-45F5-B9A5-E85308364350}.Release|Any CPU.ActiveCfg = Release|Any CPU
		{E5407C1C-0CF4-45F5-B9A5-E85308364350}.Release|Any CPU.Build.0 = Release|Any CPU
		{E5407C1C-0CF4-45F5-B9A5-E85308364350}.Debug|iPhoneSimulator.ActiveCfg = Debug|Any CPU
		{E5407C1C-0CF4-45F5-B9A5-E85308364350}.Debug|iPhoneSimulator.Build.0 = Debug|Any CPU
		{E5407C1C-0CF4-45F5-B9A5-E85308364350}.Release|iPhoneSimulator.ActiveCfg = Release|Any CPU
		{E5407C1C-0CF4-45F5-B9A5-E85308364350}.Release|iPhoneSimulator.Build.0 = Release|Any CPU
		{E5407C1C-0CF4-45F5-B9A5-E85308364350}.Debug|iPhone.ActiveCfg = Debug|Any CPU
		{E5407C1C-0CF4-45F5-B9A5-E85308364350}.Debug|iPhone.Build.0 = Debug|Any CPU
		{E5407C1C-0CF4-45F5-B9A5-E85308364350}.Release|iPhone.ActiveCfg = Release|Any CPU
		{E5407C1C-0CF4-45F5-B9A5-E85308364350}.Release|iPhone.Build.0 = Release|Any CPU
	EndGlobalSection
EndGlobal
